{
  "version": 4,
  "terraform_version": "1.6.6",
  "serial": 52,
  "lineage": "76d3327b-2e12-af6a-bd64-e7f8377376b2",
  "outputs": {},
  "resources": [
    {
      "mode": "managed",
      "type": "google_project_iam_binding",
      "name": "bucket",
      "provider": "provider[\"registry.terraform.io/hashicorp/google\"]",
      "instances": [
        {
          "schema_version": 0,
          "attributes": {
            "condition": [
              {
                "description": "Read Bucket Metadata",
                "expression": "resource.name.startsWith('projects/_/buckets/')",
                "title": "read_bucket_metadata"
              }
            ],
            "etag": "BwYNBiVZvAE=",
            "id": "finllect/projects/finllect/roles/firefliesai_gcp_byos_bucket_role/read_bucket_metadata/Read Bucket Metadata/resource.name.startsWith('projects/_/buckets/')",
            "members": [
              "serviceAccount:rancher-auth-account@puppet-cost-reduction-test.iam.gserviceaccount.com"
            ],
            "project": "finllect",
            "role": "projects/finllect/roles/firefliesai_gcp_byos_bucket_role"
          },
          "sensitive_attributes": [],
          "private": "bnVsbA==",
          "dependencies": [
            "google_project_iam_custom_role.bucket-permissions"
          ]
        }
      ]
    },
    {
      "mode": "managed",
      "type": "google_project_iam_binding",
      "name": "project",
      "provider": "provider[\"registry.terraform.io/hashicorp/google\"]",
      "instances": [
        {
          "schema_version": 0,
          "attributes": {
            "condition": [
              {
                "description": "Limit access to specific bucket",
                "expression": "resource.name.startsWith('projects/_/buckets/byoc-test/objects/')",
                "title": "limit_access_to_objects"
              }
            ],
            "etag": "BwYNBiVZvAE=",
            "id": "finllect/projects/finllect/roles/firefliesai_gcp_byos_role_new/limit_access_to_objects/Limit access to specific bucket/resource.name.startsWith('projects/_/buckets/byoc-test/objects/')",
            "members": [
              "serviceAccount:rancher-auth-account@puppet-cost-reduction-test.iam.gserviceaccount.com"
            ],
            "project": "finllect",
            "role": "projects/finllect/roles/firefliesai_gcp_byos_role_new"
          },
          "sensitive_attributes": [],
          "private": "bnVsbA==",
          "dependencies": [
            "google_project_iam_custom_role.fireflies-ai-gcp-byos"
          ]
        }
      ]
    },
    {
      "mode": "managed",
      "type": "google_project_iam_custom_role",
      "name": "bucket-permissions",
      "provider": "provider[\"registry.terraform.io/hashicorp/google\"]",
      "instances": [
        {
          "schema_version": 0,
          "attributes": {
            "deleted": false,
            "description": "Fireflies AI BYOS Bucket Role",
            "id": "projects/finllect/roles/firefliesai_gcp_byos_bucket_role",
            "name": "projects/finllect/roles/firefliesai_gcp_byos_bucket_role",
            "permissions": [
              "storage.buckets.get",
              "storage.buckets.getIamPolicy",
              "storage.buckets.list"
            ],
            "project": "finllect",
            "role_id": "firefliesai_gcp_byos_bucket_role",
            "stage": "GA",
            "title": "Fireflies AI BYOS Bucket Role"
          },
          "sensitive_attributes": [],
          "private": "bnVsbA=="
        }
      ]
    },
    {
      "mode": "managed",
      "type": "google_project_iam_custom_role",
      "name": "fireflies-ai-gcp-byos",
      "provider": "provider[\"registry.terraform.io/hashicorp/google\"]",
      "instances": [
        {
          "schema_version": 0,
          "attributes": {
            "deleted": false,
            "description": "Fireflies AI BYOS Role",
            "id": "projects/finllect/roles/firefliesai_gcp_byos_role_new",
            "name": "projects/finllect/roles/firefliesai_gcp_byos_role_new",
            "permissions": [
              "storage.objects.create",
              "storage.objects.delete",
              "storage.objects.get",
              "storage.objects.getIamPolicy",
              "storage.objects.list",
              "storage.objects.update"
            ],
            "project": "finllect",
            "role_id": "firefliesai_gcp_byos_role_new",
            "stage": "GA",
            "title": "Fireflies AI BYOS Role New"
          },
          "sensitive_attributes": [],
          "private": "bnVsbA=="
        }
      ]
    }
  ],
  "check_results": null
}
